# This file was autogenerated by Stack.
# You should not edit this file by hand.
# For more information, please see the documentation at:
#   https://docs.haskellstack.org/en/stable/lock_files

packages:
- completed:
    hackage: holmes-0.3.2.0@sha256:3d4aeb74177bafedc55a9c21be682ad45929490d1d809dec7fe248a503df0290,4597
    pantry-tree:
      size: 3258
      sha256: 414f3416b14c2cd66141e755fa4d343c9ac154dc7713cf56bee09578019170cd
  original:
    hackage: holmes-0.3.2.0@sha256:3d4aeb74177bafedc55a9c21be682ad45929490d1d809dec7fe248a503df0290,4597
snapshots:
- completed:
    size: 618683
    url: https://raw.githubusercontent.com/commercialhaskell/stackage-snapshots/master/lts/19/4.yaml
    sha256: d4ee004c46ba878d2f304f5d748d493057be579192a8d148527f3ba55c9df57f
  original:
    url: https://raw.githubusercontent.com/commercialhaskell/stackage-snapshots/master/lts/19/4.yaml
